
Microsoft Visual Studio Solution File, Format Version 12.00
# Visual Studio Version 16
VisualStudioVersion = 16.0.31005.135
MinimumVisualStudioVersion = 10.0.40219.1
Project("{FAE04EC0-301F-11D3-BF4B-00C04F79EFBC}") = "project1", "project1.csproj", "{57D2ADD9-7CFD-49C4-9AD8-21A90B50BA54}"
EndProject
Global
	GlobalSection(SolutionConfigurationPlatforms) = preSolution
		Debug|Any CPU = Debug|Any CPU
		Release|Any CPU = Release|Any CPU
	EndGlobalSection
	GlobalSection(ProjectConfigurationPlatforms) = postSolution
		{57D2ADD9-7CFD-49C4-9AD8-21A90B50BA54}.Debug|Any CPU.ActiveCfg = Debug|Any CPU
		{57D2ADD9-7CFD-49C4-9AD8-21A90B50BA54}.Debug|Any CPU.Build.0 = Debug|Any CPU
		{57D2ADD9-7CFD-49C4-9AD8-21A90B50BA54}.Release|Any CPU.ActiveCfg = Release|Any CPU
		{57D2ADD9-7CFD-49C4-9AD8-21A90B50BA54}.Release|Any CPU.Build.0 = Release|Any CPU
	EndGlobalSection
	GlobalSection(SolutionProperties) = preSolution
		HideSolutionNode = FALSE
	EndGlobalSection
	GlobalSection(ExtensibilityGlobals) = postSolution
		SolutionGuid = {B3237239-F054-4314-8B3C-474D0B340312}
	EndGlobalSection
EndGlobal
